
Microsoft Visual Studio Solution File, Format Version 12.00
# Visual Studio Version 17
VisualStudioVersion = 17.13.35919.96 d17.13
MinimumVisualStudioVersion = 10.0.40219.1
Project("{FAE04EC0-301F-11D3-BF4B-00C04F79EFBC}") = "ShoppingNightMongo", "ShoppingNightMongo\ShoppingNightMongo.csproj", "{7C595551-741C-4F25-A47F-8652740B5E8C}"
EndProject
Global
	GlobalSection(SolutionConfigurationPlatforms) = preSolution
		Debug|Any CPU = Debug|Any CPU
		Release|Any CPU = Release|Any CPU
	EndGlobalSection
	GlobalSection(ProjectConfigurationPlatforms) = postSolution
		{7C595551-741C-4F25-A47F-8652740B5E8C}.Debug|Any CPU.ActiveCfg = Debug|Any CPU
		{7C595551-741C-4F25-A47F-8652740B5E8C}.Debug|Any CPU.Build.0 = Debug|Any CPU
		{7C595551-741C-4F25-A47F-8652740B5E8C}.Release|Any CPU.ActiveCfg = Release|Any CPU
		{7C595551-741C-4F25-A47F-8652740B5E8C}.Release|Any CPU.Build.0 = Release|Any CPU
	EndGlobalSection
	GlobalSection(SolutionProperties) = preSolution
		HideSolutionNode = FALSE
	EndGlobalSection
	GlobalSection(ExtensibilityGlobals) = postSolution
		SolutionGuid = {DE6C89DE-E76B-4C53-A9EB-13C8E693D83A}
	EndGlobalSection
EndGlobal
